<?xml version="1.0" encoding="utf-8"?>
<Project ToolsVersion="4.0" xmlns="http://schemas.microsoft.com/developer/msbuild/2003">
  <ItemGroup>
    <Filter Include="Source Files">
      <UniqueIdentifier>{4FC737F1-C7A5-4376-A066-2A32D752A2FF}</UniqueIdentifier>
      <Extensions>cpp;c;cc;cxx;def;odl;idl;hpj;bat;asm;asmx</Extensions>
    </Filter>
    <Filter Include="Header Files">
      <UniqueIdentifier>{93995380-89BD-4b04-88EB-625FBE52EBFB}</UniqueIdentifier>
      <Extensions>h;hh;hpp;hxx;hm;inl;inc;xsd</Extensions>
    </Filter>
    <Filter Include="Resource Files">
      <UniqueIdentifier>{67DA6AB6-F800-4c08-8B7A-83BB121AAD01}</UniqueIdentifier>
      <Extensions>rc;ico;cur;bmp;dlg;rc2;rct;bin;rgs;gif;jpg;jpeg;jpe;resx;tiff;tif;png;wav;mfcribbon-ms</Extensions>
    </Filter>
  </ItemGroup>
  <ItemGroup>
    <ClInclude Include="code\Arm.h">
      <Filter>Header Files</Filter>
    </ClInclude>
    <ClInclude Include="code\AssetLoader.h">
      <Filter>Header Files</Filter>
    </ClInclude>
    <ClInclude Include="code\Axis.h">
      <Filter>Header Files</Filter>
    </ClInclude>
    <ClInclude Include="code\BackForthBehavior.h">
      <Filter>Header Files</Filter>
    </ClInclude>
    <ClInclude Include="code\BaseCuboid.h">
      <Filter>Header Files</Filter>
    </ClInclude>
    <ClInclude Include="code\BaseObject.h">
      <Filter>Header Files</Filter>
    </ClInclude>
    <ClInclude Include="code\BaseShader.h">
      <Filter>Header Files</Filter>
    </ClInclude>
    <ClInclude Include="code\BMPTextureLoader.h">
      <Filter>Header Files</Filter>
    </ClInclude>
    <ClInclude Include="code\BoundingBox.h">
      <Filter>Header Files</Filter>
    </ClInclude>
    <ClInclude Include="code\Camera.h">
      <Filter>Header Files</Filter>
    </ClInclude>
    <ClInclude Include="code\CoreSystem.h">
      <Filter>Header Files</Filter>
    </ClInclude>
    <ClInclude Include="code\Cuboid.h">
      <Filter>Header Files</Filter>
    </ClInclude>
    <ClInclude Include="code\CustomTexture.h">
      <Filter>Header Files</Filter>
    </ClInclude>
    <ClInclude Include="code\GameAssetLoader.h">
      <Filter>Header Files</Filter>
    </ClInclude>
    <ClInclude Include="code\GameEngine.h">
      <Filter>Header Files</Filter>
    </ClInclude>
    <ClInclude Include="code\GameObject.h">
      <Filter>Header Files</Filter>
    </ClInclude>
    <ClInclude Include="code\GameObjectManager.h">
      <Filter>Header Files</Filter>
    </ClInclude>
    <ClInclude Include="code\GameWindow.h">
      <Filter>Header Files</Filter>
    </ClInclude>
    <ClInclude Include="code\GameWorld.h">
      <Filter>Header Files</Filter>
    </ClInclude>
    <ClInclude Include="code\GenericWindow.h">
      <Filter>Header Files</Filter>
    </ClInclude>
    <ClInclude Include="code\GraphicsSystem.h">
      <Filter>Header Files</Filter>
    </ClInclude>
    <ClInclude Include="code\IBehavior.h">
      <Filter>Header Files</Filter>
    </ClInclude>
    <ClInclude Include="code\ITextureLoader.h">
      <Filter>Header Files</Filter>
    </ClInclude>
    <ClInclude Include="code\ITimer.h">
      <Filter>Header Files</Filter>
    </ClInclude>
    <ClInclude Include="code\LightSource.h">
      <Filter>Header Files</Filter>
    </ClInclude>
    <ClInclude Include="code\LineBox.h">
      <Filter>Header Files</Filter>
    </ClInclude>
    <ClInclude Include="code\Logger.h">
      <Filter>Header Files</Filter>
    </ClInclude>
    <ClInclude Include="code\MathUtil.h">
      <Filter>Header Files</Filter>
    </ClInclude>
    <ClInclude Include="code\Mesh.h">
      <Filter>Header Files</Filter>
    </ClInclude>
    <ClInclude Include="code\Model.h">
      <Filter>Header Files</Filter>
    </ClInclude>
    <ClInclude Include="code\ModelManager.h">
      <Filter>Header Files</Filter>
    </ClInclude>
    <ClInclude Include="code\ObjectGenerator.h">
      <Filter>Header Files</Filter>
    </ClInclude>
    <ClInclude Include="code\OGL2DTextDisplay.h">
      <Filter>Header Files</Filter>
    </ClInclude>
    <ClInclude Include="code\OGL2DTexture.h">
      <Filter>Header Files</Filter>
    </ClInclude>
    <ClInclude Include="code\OGL3DCompositeObject.h">
      <Filter>Header Files</Filter>
    </ClInclude>
    <ClInclude Include="code\OGL3DObject.h">
      <Filter>Header Files</Filter>
    </ClInclude>
    <ClInclude Include="code\OGLArrayBuffer.h">
      <Filter>Header Files</Filter>
    </ClInclude>
    <ClInclude Include="code\OGLBaseShader.h">
      <Filter>Header Files</Filter>
    </ClInclude>
    <ClInclude Include="code\OGLBufferedObject.h">
      <Filter>Header Files</Filter>
    </ClInclude>
    <ClInclude Include="code\OGLCamera.h">
      <Filter>Header Files</Filter>
    </ClInclude>
    <ClInclude Include="code\OGLCompositeFlatSurface.h">
      <Filter>Header Files</Filter>
    </ClInclude>
    <ClInclude Include="code\OGLElementArrayBuffer.h">
      <Filter>Header Files</Filter>
    </ClInclude>
    <ClInclude Include="code\OGLFirstPersonCamera.h">
      <Filter>Header Files</Filter>
    </ClInclude>
    <ClInclude Include="code\OGLFontTexture.h">
      <Filter>Header Files</Filter>
    </ClInclude>
    <ClInclude Include="code\OGLFragmentShader.h">
      <Filter>Header Files</Filter>
    </ClInclude>
    <ClInclude Include="code\OGLGameObject.h">
      <Filter>Header Files</Filter>
    </ClInclude>
    <ClInclude Include="code\OGLGraphicsSystem.h">
      <Filter>Header Files</Filter>
    </ClInclude>
    <ClInclude Include="code\OGLObject.h">
      <Filter>Header Files</Filter>
    </ClInclude>
    <ClInclude Include="code\OGLReferenceFrame.h">
      <Filter>Header Files</Filter>
    </ClInclude>
    <ClInclude Include="code\OGLReferenceFrameStack.h">
      <Filter>Header Files</Filter>
    </ClInclude>
    <ClInclude Include="code\OGLShaderCompiler.h">
      <Filter>Header Files</Filter>
    </ClInclude>
    <ClInclude Include="code\OGLShaderManager.h">
      <Filter>Header Files</Filter>
    </ClInclude>
    <ClInclude Include="code\OGLShaderProgram.h">
      <Filter>Header Files</Filter>
    </ClInclude>
    <ClInclude Include="code\OGLSphericalCamera.h">
      <Filter>Header Files</Filter>
    </ClInclude>
    <ClInclude Include="code\OGLTexturedFlatSurface.h">
      <Filter>Header Files</Filter>
    </ClInclude>
    <ClInclude Include="code\OGLVertexShader.h">
      <Filter>Header Files</Filter>
    </ClInclude>
    <ClInclude Include="code\OGLViewingFrustum.h">
      <Filter>Header Files</Filter>
    </ClInclude>
    <ClInclude Include="code\PawnBehavior.h">
      <Filter>Header Files</Filter>
    </ClInclude>
    <ClInclude Include="code\PCInputSystem.h">
      <Filter>Header Files</Filter>
    </ClInclude>
    <ClInclude Include="code\Plane.h">
      <Filter>Header Files</Filter>
    </ClInclude>
    <ClInclude Include="code\RGBA.h">
      <Filter>Header Files</Filter>
    </ClInclude>
    <ClInclude Include="code\Room.h">
      <Filter>Header Files</Filter>
    </ClInclude>
    <ClInclude Include="code\RotateYBehavior.h">
      <Filter>Header Files</Filter>
    </ClInclude>
    <ClInclude Include="code\ShaderManager.h">
      <Filter>Header Files</Filter>
    </ClInclude>
    <ClInclude Include="code\SOILTexture.h">
      <Filter>Header Files</Filter>
    </ClInclude>
    <ClInclude Include="code\Sphere.h">
      <Filter>Header Files</Filter>
    </ClInclude>
    <ClInclude Include="code\StockObjectLoader.h">
      <Filter>Header Files</Filter>
    </ClInclude>
    <ClInclude Include="code\Sword.h">
      <Filter>Header Files</Filter>
    </ClInclude>
    <ClInclude Include="code\TextFileReader.h">
      <Filter>Header Files</Filter>
    </ClInclude>
    <ClInclude Include="code\Texture.h">
      <Filter>Header Files</Filter>
    </ClInclude>
    <ClInclude Include="code\TexturedCuboid.h">
      <Filter>Header Files</Filter>
    </ClInclude>
    <ClInclude Include="code\TextureManager.h">
      <Filter>Header Files</Filter>
    </ClInclude>
    <ClInclude Include="code\TheGame.h">
      <Filter>Header Files</Filter>
    </ClInclude>
    <ClInclude Include="code\Turret.h">
      <Filter>Header Files</Filter>
    </ClInclude>
    <ClInclude Include="code\Uniform.h">
      <Filter>Header Files</Filter>
    </ClInclude>
    <ClInclude Include="code\ViewingFrustum.h">
      <Filter>Header Files</Filter>
    </ClInclude>
    <ClInclude Include="code\Win32OGLWindow.h">
      <Filter>Header Files</Filter>
    </ClInclude>
    <ClInclude Include="code\Win32Window.h">
      <Filter>Header Files</Filter>
    </ClInclude>
    <ClInclude Include="code\WindowsConsoleLogger.h">
      <Filter>Header Files</Filter>
    </ClInclude>
    <ClInclude Include="code\WindowsTimer.h">
      <Filter>Header Files</Filter>
    </ClInclude>
    <ClInclude Include="code\Sound3DGE.h">
      <Filter>Header Files</Filter>
    </ClInclude>
    <ClInclude Include="code\SoundManager.h">
      <Filter>Header Files</Filter>
    </ClInclude>
  </ItemGroup>
  <ItemGroup>
    <ClCompile Include="code\Arm.cpp">
      <Filter>Source Files</Filter>
    </ClCompile>
    <ClCompile Include="code\AssetLoader.cpp">
      <Filter>Source Files</Filter>
    </ClCompile>
    <ClCompile Include="code\Axis.cpp">
      <Filter>Source Files</Filter>
    </ClCompile>
    <ClCompile Include="code\BackForthBehavior.cpp">
      <Filter>Source Files</Filter>
    </ClCompile>
    <ClCompile Include="code\BaseCuboid.cpp">
      <Filter>Source Files</Filter>
    </ClCompile>
    <ClCompile Include="code\BaseObject.cpp">
      <Filter>Source Files</Filter>
    </ClCompile>
    <ClCompile Include="code\BaseShader.cpp">
      <Filter>Source Files</Filter>
    </ClCompile>
    <ClCompile Include="code\Behavior.cpp">
      <Filter>Source Files</Filter>
    </ClCompile>
    <ClCompile Include="code\BMPTextureLoader.cpp">
      <Filter>Source Files</Filter>
    </ClCompile>
    <ClCompile Include="code\BoundingBox.cpp">
      <Filter>Source Files</Filter>
    </ClCompile>
    <ClCompile Include="code\Camera.cpp">
      <Filter>Source Files</Filter>
    </ClCompile>
    <ClCompile Include="code\CoreSystem.cpp">
      <Filter>Source Files</Filter>
    </ClCompile>
    <ClCompile Include="code\Cuboid.cpp">
      <Filter>Source Files</Filter>
    </ClCompile>
    <ClCompile Include="code\CustomTexture.cpp">
      <Filter>Source Files</Filter>
    </ClCompile>
    <ClCompile Include="code\GameAssetLoader.cpp">
      <Filter>Source Files</Filter>
    </ClCompile>
    <ClCompile Include="code\GameEngine.cpp">
      <Filter>Source Files</Filter>
    </ClCompile>
    <ClCompile Include="code\GameObject.cpp">
      <Filter>Source Files</Filter>
    </ClCompile>
    <ClCompile Include="code\GameObjectManager.cpp">
      <Filter>Source Files</Filter>
    </ClCompile>
    <ClCompile Include="code\GameWindow.cpp">
      <Filter>Source Files</Filter>
    </ClCompile>
    <ClCompile Include="code\GameWorld.cpp">
      <Filter>Source Files</Filter>
    </ClCompile>
    <ClCompile Include="code\GenericWindow.cpp">
      <Filter>Source Files</Filter>
    </ClCompile>
    <ClCompile Include="code\GraphicsSystem.cpp">
      <Filter>Source Files</Filter>
    </ClCompile>
    <ClCompile Include="code\ITextureLoader.cpp">
      <Filter>Source Files</Filter>
    </ClCompile>
    <ClCompile Include="code\ITimer.cpp">
      <Filter>Source Files</Filter>
    </ClCompile>
    <ClCompile Include="code\LightSource.cpp">
      <Filter>Source Files</Filter>
    </ClCompile>
    <ClCompile Include="code\LineBox.cpp">
      <Filter>Source Files</Filter>
    </ClCompile>
    <ClCompile Include="code\Logger.cpp">
      <Filter>Source Files</Filter>
    </ClCompile>
    <ClCompile Include="code\Main.cpp">
      <Filter>Source Files</Filter>
    </ClCompile>
    <ClCompile Include="code\MathUtil.cpp">
      <Filter>Source Files</Filter>
    </ClCompile>
    <ClCompile Include="code\Mesh.cpp">
      <Filter>Source Files</Filter>
    </ClCompile>
    <ClCompile Include="code\Model.cpp">
      <Filter>Source Files</Filter>
    </ClCompile>
    <ClCompile Include="code\ModelManager.cpp">
      <Filter>Source Files</Filter>
    </ClCompile>
    <ClCompile Include="code\ObjectGenerator.cpp">
      <Filter>Source Files</Filter>
    </ClCompile>
    <ClCompile Include="code\OGL2DTextDisplay.cpp">
      <Filter>Source Files</Filter>
    </ClCompile>
    <ClCompile Include="code\OGL2DTexture.cpp">
      <Filter>Source Files</Filter>
    </ClCompile>
    <ClCompile Include="code\OGL3DCompositeObject.cpp">
      <Filter>Source Files</Filter>
    </ClCompile>
    <ClCompile Include="code\OGL3DObject.cpp">
      <Filter>Source Files</Filter>
    </ClCompile>
    <ClCompile Include="code\OGLArrayBuffer.cpp">
      <Filter>Source Files</Filter>
    </ClCompile>
    <ClCompile Include="code\OGLBaseShader.cpp">
      <Filter>Source Files</Filter>
    </ClCompile>
    <ClCompile Include="code\OGLBufferedObject.cpp">
      <Filter>Source Files</Filter>
    </ClCompile>
    <ClCompile Include="code\OGLCamera.cpp">
      <Filter>Source Files</Filter>
    </ClCompile>
    <ClCompile Include="code\OGLCompositeFlatSurface.cpp">
      <Filter>Source Files</Filter>
    </ClCompile>
    <ClCompile Include="code\OGLElementArrayBuffer.cpp">
      <Filter>Source Files</Filter>
    </ClCompile>
    <ClCompile Include="code\OGLFirstPersonCamera.cpp">
      <Filter>Source Files</Filter>
    </ClCompile>
    <ClCompile Include="code\OGLFontTexture.cpp">
      <Filter>Source Files</Filter>
    </ClCompile>
    <ClCompile Include="code\OGLFragmentShader.cpp">
      <Filter>Source Files</Filter>
    </ClCompile>
    <ClCompile Include="code\OGLGameObject.cpp">
      <Filter>Source Files</Filter>
    </ClCompile>
    <ClCompile Include="code\OGLGraphicsSystem.cpp">
      <Filter>Source Files</Filter>
    </ClCompile>
    <ClCompile Include="code\OGLObject.cpp">
      <Filter>Source Files</Filter>
    </ClCompile>
    <ClCompile Include="code\OGLReferenceFrame.cpp">
      <Filter>Source Files</Filter>
    </ClCompile>
    <ClCompile Include="code\OGLReferenceFrameStack.cpp">
      <Filter>Source Files</Filter>
    </ClCompile>
    <ClCompile Include="code\OGLShaderCompiler.cpp">
      <Filter>Source Files</Filter>
    </ClCompile>
    <ClCompile Include="code\OGLShaderManager.cpp">
      <Filter>Source Files</Filter>
    </ClCompile>
    <ClCompile Include="code\OGLShaderProgram.cpp">
      <Filter>Source Files</Filter>
    </ClCompile>
    <ClCompile Include="code\OGLSphericalCamera.cpp">
      <Filter>Source Files</Filter>
    </ClCompile>
    <ClCompile Include="code\OGLTexturedFlatSurface.cpp">
      <Filter>Source Files</Filter>
    </ClCompile>
    <ClCompile Include="code\OGLVertexShader.cpp">
      <Filter>Source Files</Filter>
    </ClCompile>
    <ClCompile Include="code\OGLViewingFrustum.cpp">
      <Filter>Source Files</Filter>
    </ClCompile>
    <ClCompile Include="code\PawnBehavior.cpp">
      <Filter>Source Files</Filter>
    </ClCompile>
    <ClCompile Include="code\PCInputSystem.cpp">
      <Filter>Source Files</Filter>
    </ClCompile>
    <ClCompile Include="code\Plane.cpp">
      <Filter>Source Files</Filter>
    </ClCompile>
    <ClCompile Include="code\Room.cpp">
      <Filter>Source Files</Filter>
    </ClCompile>
    <ClCompile Include="code\RotateYBehavior.cpp">
      <Filter>Source Files</Filter>
    </ClCompile>
    <ClCompile Include="code\ShaderManager.cpp">
      <Filter>Source Files</Filter>
    </ClCompile>
    <ClCompile Include="code\SOILTexture.cpp">
      <Filter>Source Files</Filter>
    </ClCompile>
    <ClCompile Include="code\Sphere.cpp">
      <Filter>Source Files</Filter>
    </ClCompile>
    <ClCompile Include="code\StockObjectLoader.cpp">
      <Filter>Source Files</Filter>
    </ClCompile>
    <ClCompile Include="code\Sword.cpp">
      <Filter>Source Files</Filter>
    </ClCompile>
    <ClCompile Include="code\TextFileReader.cpp">
      <Filter>Source Files</Filter>
    </ClCompile>
    <ClCompile Include="code\Texture.cpp">
      <Filter>Source Files</Filter>
    </ClCompile>
    <ClCompile Include="code\TexturedCuboid.cpp">
      <Filter>Source Files</Filter>
    </ClCompile>
    <ClCompile Include="code\TextureManager.cpp">
      <Filter>Source Files</Filter>
    </ClCompile>
    <ClCompile Include="code\TheGame.cpp">
      <Filter>Source Files</Filter>
    </ClCompile>
    <ClCompile Include="code\Turret.cpp">
      <Filter>Source Files</Filter>
    </ClCompile>
    <ClCompile Include="code\Uniform.cpp">
      <Filter>Source Files</Filter>
    </ClCompile>
    <ClCompile Include="code\ViewingFrustum.cpp">
      <Filter>Source Files</Filter>
    </ClCompile>
    <ClCompile Include="code\Win32OGLWindow.cpp">
      <Filter>Source Files</Filter>
    </ClCompile>
    <ClCompile Include="code\Win32Window.cpp">
      <Filter>Source Files</Filter>
    </ClCompile>
    <ClCompile Include="code\WindowsConsoleLogger.cpp">
      <Filter>Source Files</Filter>
    </ClCompile>
    <ClCompile Include="code\WindowsTimer.cpp">
      <Filter>Source Files</Filter>
    </ClCompile>
    <ClCompile Include="code\Sound3DGE.cpp">
      <Filter>Source Files</Filter>
    </ClCompile>
    <ClCompile Include="code\SoundManager.cpp">
      <Filter>Source Files</Filter>
    </ClCompile>
  </ItemGroup>
  <ItemGroup>
    <None Include="code\FragmentShader3DIllumination.glsl">
      <Filter>Resource Files</Filter>
    </None>
    <None Include="code\FragmentShaderText.glsl">
      <Filter>Resource Files</Filter>
    </None>
    <None Include="code\FragmentShaderTexture.glsl">
      <Filter>Resource Files</Filter>
    </None>
    <None Include="code\VertexShader3DIllumination.glsl">
      <Filter>Resource Files</Filter>
    </None>
    <None Include="code\VertexShader3DPerspective.glsl">
      <Filter>Resource Files</Filter>
    </None>
    <None Include="code\VertexShaderText.glsl">
      <Filter>Resource Files</Filter>
    </None>
    <None Include="code\VertexShaderTexture.glsl">
      <Filter>Resource Files</Filter>
    </None>
  </ItemGroup>
</Project>