Microsoft Visual Studio Solution File, Format Version 12.00
# Visual Studio 14
Project("{8BC9CEB8-8B4A-11D0-8D11-00A0C91BC942}") = "ALL_BUILD", "ALL_BUILD.vcxproj", "{A5FAB6BC-52ED-47AD-8FF7-007FB6C43300}"
	ProjectSection(ProjectDependencies) = postProject
		{D8FE0BE7-ABFB-4066-AA9A-8ADC50819A71} = {D8FE0BE7-ABFB-4066-AA9A-8ADC50819A71}
		{E2170F3D-8BC9-4941-928F-F69347B705D1} = {E2170F3D-8BC9-4941-928F-F69347B705D1}
		{86A62693-C28A-4A0D-985A-3423A562E261} = {86A62693-C28A-4A0D-985A-3423A562E261}
		{C761C4E0-7373-4D89-8C6A-2B47BE2522AD} = {C761C4E0-7373-4D89-8C6A-2B47BE2522AD}
		{90BD5F75-A4A5-48A3-A980-109884FD3C25} = {90BD5F75-A4A5-48A3-A980-109884FD3C25}
		{4A14AFC7-E134-4677-B817-1D41DFEC26EA} = {4A14AFC7-E134-4677-B817-1D41DFEC26EA}
	EndProjectSection
EndProject
Project("{8BC9CEB8-8B4A-11D0-8D11-00A0C91BC942}") = "INSTALL", "INSTALL.vcxproj", "{82B9EF04-59AA-40CA-B12E-7E81722AE60D}"
	ProjectSection(ProjectDependencies) = postProject
		{A5FAB6BC-52ED-47AD-8FF7-007FB6C43300} = {A5FAB6BC-52ED-47AD-8FF7-007FB6C43300}
	EndProjectSection
EndProject
Project("{8BC9CEB8-8B4A-11D0-8D11-00A0C91BC942}") = "ZERO_CHECK", "ZERO_CHECK.vcxproj", "{D8FE0BE7-ABFB-4066-AA9A-8ADC50819A71}"
	ProjectSection(ProjectDependencies) = postProject
	EndProjectSection
EndProject
Project("{8BC9CEB8-8B4A-11D0-8D11-00A0C91BC942}") = "assimp", "code\assimp.vcxproj", "{E2170F3D-8BC9-4941-928F-F69347B705D1}"
	ProjectSection(ProjectDependencies) = postProject
		{D8FE0BE7-ABFB-4066-AA9A-8ADC50819A71} = {D8FE0BE7-ABFB-4066-AA9A-8ADC50819A71}
		{4A14AFC7-E134-4677-B817-1D41DFEC26EA} = {4A14AFC7-E134-4677-B817-1D41DFEC26EA}
	EndProjectSection
EndProject
Project("{8BC9CEB8-8B4A-11D0-8D11-00A0C91BC942}") = "assimp_cmd", "tools\assimp_cmd\assimp_cmd.vcxproj", "{86A62693-C28A-4A0D-985A-3423A562E261}"
	ProjectSection(ProjectDependencies) = postProject
		{D8FE0BE7-ABFB-4066-AA9A-8ADC50819A71} = {D8FE0BE7-ABFB-4066-AA9A-8ADC50819A71}
		{E2170F3D-8BC9-4941-928F-F69347B705D1} = {E2170F3D-8BC9-4941-928F-F69347B705D1}
		{4A14AFC7-E134-4677-B817-1D41DFEC26EA} = {4A14AFC7-E134-4677-B817-1D41DFEC26EA}
	EndProjectSection
EndProject
Project("{8BC9CEB8-8B4A-11D0-8D11-00A0C91BC942}") = "assimp_viewer", "tools\assimp_view\assimp_viewer.vcxproj", "{C761C4E0-7373-4D89-8C6A-2B47BE2522AD}"
	ProjectSection(ProjectDependencies) = postProject
		{D8FE0BE7-ABFB-4066-AA9A-8ADC50819A71} = {D8FE0BE7-ABFB-4066-AA9A-8ADC50819A71}
		{E2170F3D-8BC9-4941-928F-F69347B705D1} = {E2170F3D-8BC9-4941-928F-F69347B705D1}
		{4A14AFC7-E134-4677-B817-1D41DFEC26EA} = {4A14AFC7-E134-4677-B817-1D41DFEC26EA}
	EndProjectSection
EndProject
Project("{8BC9CEB8-8B4A-11D0-8D11-00A0C91BC942}") = "uninstall", "uninstall.vcxproj", "{B21F1FCF-AF63-4817-AA90-4B371EBACC04}"
	ProjectSection(ProjectDependencies) = postProject
		{D8FE0BE7-ABFB-4066-AA9A-8ADC50819A71} = {D8FE0BE7-ABFB-4066-AA9A-8ADC50819A71}
	EndProjectSection
EndProject
Project("{8BC9CEB8-8B4A-11D0-8D11-00A0C91BC942}") = "unit", "test\unit.vcxproj", "{90BD5F75-A4A5-48A3-A980-109884FD3C25}"
	ProjectSection(ProjectDependencies) = postProject
		{D8FE0BE7-ABFB-4066-AA9A-8ADC50819A71} = {D8FE0BE7-ABFB-4066-AA9A-8ADC50819A71}
		{E2170F3D-8BC9-4941-928F-F69347B705D1} = {E2170F3D-8BC9-4941-928F-F69347B705D1}
		{4A14AFC7-E134-4677-B817-1D41DFEC26EA} = {4A14AFC7-E134-4677-B817-1D41DFEC26EA}
	EndProjectSection
EndProject
Project("{8BC9CEB8-8B4A-11D0-8D11-00A0C91BC942}") = "zlibstatic", "contrib\zlib\zlibstatic.vcxproj", "{4A14AFC7-E134-4677-B817-1D41DFEC26EA}"
	ProjectSection(ProjectDependencies) = postProject
		{D8FE0BE7-ABFB-4066-AA9A-8ADC50819A71} = {D8FE0BE7-ABFB-4066-AA9A-8ADC50819A71}
	EndProjectSection
EndProject
Global
	GlobalSection(SolutionConfigurationPlatforms) = preSolution
		Debug|Win32 = Debug|Win32
		Release|Win32 = Release|Win32
		MinSizeRel|Win32 = MinSizeRel|Win32
		RelWithDebInfo|Win32 = RelWithDebInfo|Win32
	EndGlobalSection
	GlobalSection(ProjectConfigurationPlatforms) = postSolution
		{A5FAB6BC-52ED-47AD-8FF7-007FB6C43300}.Debug|Win32.ActiveCfg = Debug|Win32
		{A5FAB6BC-52ED-47AD-8FF7-007FB6C43300}.Debug|Win32.Build.0 = Debug|Win32
		{A5FAB6BC-52ED-47AD-8FF7-007FB6C43300}.Release|Win32.ActiveCfg = Release|Win32
		{A5FAB6BC-52ED-47AD-8FF7-007FB6C43300}.Release|Win32.Build.0 = Release|Win32
		{A5FAB6BC-52ED-47AD-8FF7-007FB6C43300}.MinSizeRel|Win32.ActiveCfg = MinSizeRel|Win32
		{A5FAB6BC-52ED-47AD-8FF7-007FB6C43300}.MinSizeRel|Win32.Build.0 = MinSizeRel|Win32
		{A5FAB6BC-52ED-47AD-8FF7-007FB6C43300}.RelWithDebInfo|Win32.ActiveCfg = RelWithDebInfo|Win32
		{A5FAB6BC-52ED-47AD-8FF7-007FB6C43300}.RelWithDebInfo|Win32.Build.0 = RelWithDebInfo|Win32
		{82B9EF04-59AA-40CA-B12E-7E81722AE60D}.Debug|Win32.ActiveCfg = Debug|Win32
		{82B9EF04-59AA-40CA-B12E-7E81722AE60D}.Release|Win32.ActiveCfg = Release|Win32
		{82B9EF04-59AA-40CA-B12E-7E81722AE60D}.MinSizeRel|Win32.ActiveCfg = MinSizeRel|Win32
		{82B9EF04-59AA-40CA-B12E-7E81722AE60D}.RelWithDebInfo|Win32.ActiveCfg = RelWithDebInfo|Win32
		{D8FE0BE7-ABFB-4066-AA9A-8ADC50819A71}.Debug|Win32.ActiveCfg = Debug|Win32
		{D8FE0BE7-ABFB-4066-AA9A-8ADC50819A71}.Debug|Win32.Build.0 = Debug|Win32
		{D8FE0BE7-ABFB-4066-AA9A-8ADC50819A71}.Release|Win32.ActiveCfg = Release|Win32
		{D8FE0BE7-ABFB-4066-AA9A-8ADC50819A71}.Release|Win32.Build.0 = Release|Win32
		{D8FE0BE7-ABFB-4066-AA9A-8ADC50819A71}.MinSizeRel|Win32.ActiveCfg = MinSizeRel|Win32
		{D8FE0BE7-ABFB-4066-AA9A-8ADC50819A71}.MinSizeRel|Win32.Build.0 = MinSizeRel|Win32
		{D8FE0BE7-ABFB-4066-AA9A-8ADC50819A71}.RelWithDebInfo|Win32.ActiveCfg = RelWithDebInfo|Win32
		{D8FE0BE7-ABFB-4066-AA9A-8ADC50819A71}.RelWithDebInfo|Win32.Build.0 = RelWithDebInfo|Win32
		{E2170F3D-8BC9-4941-928F-F69347B705D1}.Debug|Win32.ActiveCfg = Debug|Win32
		{E2170F3D-8BC9-4941-928F-F69347B705D1}.Debug|Win32.Build.0 = Debug|Win32
		{E2170F3D-8BC9-4941-928F-F69347B705D1}.Release|Win32.ActiveCfg = Release|Win32
		{E2170F3D-8BC9-4941-928F-F69347B705D1}.Release|Win32.Build.0 = Release|Win32
		{E2170F3D-8BC9-4941-928F-F69347B705D1}.MinSizeRel|Win32.ActiveCfg = MinSizeRel|Win32
		{E2170F3D-8BC9-4941-928F-F69347B705D1}.MinSizeRel|Win32.Build.0 = MinSizeRel|Win32
		{E2170F3D-8BC9-4941-928F-F69347B705D1}.RelWithDebInfo|Win32.ActiveCfg = RelWithDebInfo|Win32
		{E2170F3D-8BC9-4941-928F-F69347B705D1}.RelWithDebInfo|Win32.Build.0 = RelWithDebInfo|Win32
		{86A62693-C28A-4A0D-985A-3423A562E261}.Debug|Win32.ActiveCfg = Debug|Win32
		{86A62693-C28A-4A0D-985A-3423A562E261}.Debug|Win32.Build.0 = Debug|Win32
		{86A62693-C28A-4A0D-985A-3423A562E261}.Release|Win32.ActiveCfg = Release|Win32
		{86A62693-C28A-4A0D-985A-3423A562E261}.Release|Win32.Build.0 = Release|Win32
		{86A62693-C28A-4A0D-985A-3423A562E261}.MinSizeRel|Win32.ActiveCfg = MinSizeRel|Win32
		{86A62693-C28A-4A0D-985A-3423A562E261}.MinSizeRel|Win32.Build.0 = MinSizeRel|Win32
		{86A62693-C28A-4A0D-985A-3423A562E261}.RelWithDebInfo|Win32.ActiveCfg = RelWithDebInfo|Win32
		{86A62693-C28A-4A0D-985A-3423A562E261}.RelWithDebInfo|Win32.Build.0 = RelWithDebInfo|Win32
		{C761C4E0-7373-4D89-8C6A-2B47BE2522AD}.Debug|Win32.ActiveCfg = Debug|Win32
		{C761C4E0-7373-4D89-8C6A-2B47BE2522AD}.Debug|Win32.Build.0 = Debug|Win32
		{C761C4E0-7373-4D89-8C6A-2B47BE2522AD}.Release|Win32.ActiveCfg = Release|Win32
		{C761C4E0-7373-4D89-8C6A-2B47BE2522AD}.Release|Win32.Build.0 = Release|Win32
		{C761C4E0-7373-4D89-8C6A-2B47BE2522AD}.MinSizeRel|Win32.ActiveCfg = MinSizeRel|Win32
		{C761C4E0-7373-4D89-8C6A-2B47BE2522AD}.MinSizeRel|Win32.Build.0 = MinSizeRel|Win32
		{C761C4E0-7373-4D89-8C6A-2B47BE2522AD}.RelWithDebInfo|Win32.ActiveCfg = RelWithDebInfo|Win32
		{C761C4E0-7373-4D89-8C6A-2B47BE2522AD}.RelWithDebInfo|Win32.Build.0 = RelWithDebInfo|Win32
		{B21F1FCF-AF63-4817-AA90-4B371EBACC04}.Debug|Win32.ActiveCfg = Debug|Win32
		{B21F1FCF-AF63-4817-AA90-4B371EBACC04}.Release|Win32.ActiveCfg = Release|Win32
		{B21F1FCF-AF63-4817-AA90-4B371EBACC04}.MinSizeRel|Win32.ActiveCfg = MinSizeRel|Win32
		{B21F1FCF-AF63-4817-AA90-4B371EBACC04}.RelWithDebInfo|Win32.ActiveCfg = RelWithDebInfo|Win32
		{90BD5F75-A4A5-48A3-A980-109884FD3C25}.Debug|Win32.ActiveCfg = Debug|Win32
		{90BD5F75-A4A5-48A3-A980-109884FD3C25}.Debug|Win32.Build.0 = Debug|Win32
		{90BD5F75-A4A5-48A3-A980-109884FD3C25}.Release|Win32.ActiveCfg = Release|Win32
		{90BD5F75-A4A5-48A3-A980-109884FD3C25}.Release|Win32.Build.0 = Release|Win32
		{90BD5F75-A4A5-48A3-A980-109884FD3C25}.MinSizeRel|Win32.ActiveCfg = MinSizeRel|Win32
		{90BD5F75-A4A5-48A3-A980-109884FD3C25}.MinSizeRel|Win32.Build.0 = MinSizeRel|Win32
		{90BD5F75-A4A5-48A3-A980-109884FD3C25}.RelWithDebInfo|Win32.ActiveCfg = RelWithDebInfo|Win32
		{90BD5F75-A4A5-48A3-A980-109884FD3C25}.RelWithDebInfo|Win32.Build.0 = RelWithDebInfo|Win32
		{4A14AFC7-E134-4677-B817-1D41DFEC26EA}.Debug|Win32.ActiveCfg = Debug|Win32
		{4A14AFC7-E134-4677-B817-1D41DFEC26EA}.Debug|Win32.Build.0 = Debug|Win32
		{4A14AFC7-E134-4677-B817-1D41DFEC26EA}.Release|Win32.ActiveCfg = Release|Win32
		{4A14AFC7-E134-4677-B817-1D41DFEC26EA}.Release|Win32.Build.0 = Release|Win32
		{4A14AFC7-E134-4677-B817-1D41DFEC26EA}.MinSizeRel|Win32.ActiveCfg = MinSizeRel|Win32
		{4A14AFC7-E134-4677-B817-1D41DFEC26EA}.MinSizeRel|Win32.Build.0 = MinSizeRel|Win32
		{4A14AFC7-E134-4677-B817-1D41DFEC26EA}.RelWithDebInfo|Win32.ActiveCfg = RelWithDebInfo|Win32
		{4A14AFC7-E134-4677-B817-1D41DFEC26EA}.RelWithDebInfo|Win32.Build.0 = RelWithDebInfo|Win32
	EndGlobalSection
	GlobalSection(ExtensibilityGlobals) = postSolution
	EndGlobalSection
	GlobalSection(ExtensibilityAddIns) = postSolution
	EndGlobalSection
EndGlobal
